// !$*UTF8*$!
{
	archiveVersion = 1;
	classes = {
	};
	objectVersion = 51;
	objects = {

/* Begin PBXBuildFile section */
		59771C2987219A43FAD4F080 /* Pods_Poker_Rank_Swift.framework in Frameworks */ = {isa = PBXBuildFile; fileRef = ED7E2D28959CC769CBB886FE /* Pods_Poker_Rank_Swift.framework */; };
		B41CC830234ED59500786C3B /* User.swift in Sources */ = {isa = PBXBuildFile; fileRef = B41CC82F234ED59500786C3B /* User.swift */; };
		B41CC8322350385F00786C3B /* Season.swift in Sources */ = {isa = PBXBuildFile; fileRef = B41CC8312350385F00786C3B /* Season.swift */; };
		B41CD82223537A0A004E17D9 /* Notification.Name.swift in Sources */ = {isa = PBXBuildFile; fileRef = B41CD82123537A0A004E17D9 /* Notification.Name.swift */; };
		B421F11323418BA4002C7F82 /* UserProfileTableViewController.swift in Sources */ = {isa = PBXBuildFile; fileRef = B421F11223418BA4002C7F82 /* UserProfileTableViewController.swift */; };
		B434545A23459169006BDE26 /* NewLeagueViewController.swift in Sources */ = {isa = PBXBuildFile; fileRef = B434545923459169006BDE26 /* NewLeagueViewController.swift */; };
		B434545C2349089C006BDE26 /* Leagues.swift in Sources */ = {isa = PBXBuildFile; fileRef = B434545B2349089C006BDE26 /* Leagues.swift */; };
		B43D4153233E7E450055FA2B /* LoginViewController.swift in Sources */ = {isa = PBXBuildFile; fileRef = B43D4152233E7E450055FA2B /* LoginViewController.swift */; };
		B43D4155233E90BE0055FA2B /* SignUpViewController.swift in Sources */ = {isa = PBXBuildFile; fileRef = B43D4154233E90BE0055FA2B /* SignUpViewController.swift */; };
		B44565B4233C619F00B529B0 /* AppDelegate.swift in Sources */ = {isa = PBXBuildFile; fileRef = B44565B3233C619F00B529B0 /* AppDelegate.swift */; };
		B44565B6233C619F00B529B0 /* SceneDelegate.swift in Sources */ = {isa = PBXBuildFile; fileRef = B44565B5233C619F00B529B0 /* SceneDelegate.swift */; };
		B44565BB233C619F00B529B0 /* Main.storyboard in Resources */ = {isa = PBXBuildFile; fileRef = B44565B9233C619F00B529B0 /* Main.storyboard */; };
		B44565BD233C61A000B529B0 /* Assets.xcassets in Resources */ = {isa = PBXBuildFile; fileRef = B44565BC233C61A000B529B0 /* Assets.xcassets */; };
		B44565C0233C61A000B529B0 /* LaunchScreen.storyboard in Resources */ = {isa = PBXBuildFile; fileRef = B44565BE233C61A000B529B0 /* LaunchScreen.storyboard */; };
		B44565C8233C61E800B529B0 /* GoogleService-Info.plist in Resources */ = {isa = PBXBuildFile; fileRef = B44565C7233C61E800B529B0 /* GoogleService-Info.plist */; };
		B452BD1F233FC0A200868FD3 /* PublicLeaguesTableViewController.swift in Sources */ = {isa = PBXBuildFile; fileRef = B452BD1E233FC0A200868FD3 /* PublicLeaguesTableViewController.swift */; };
		B452BD21233FC0F100868FD3 /* MyLeaguesTableViewController.swift in Sources */ = {isa = PBXBuildFile; fileRef = B452BD20233FC0F100868FD3 /* MyLeaguesTableViewController.swift */; };
		B452BD23233FC8E000868FD3 /* RootTabBarViewController.swift in Sources */ = {isa = PBXBuildFile; fileRef = B452BD22233FC8E000868FD3 /* RootTabBarViewController.swift */; };
		B4835BBD233DB1CE0059FDAD /* League.swift in Sources */ = {isa = PBXBuildFile; fileRef = B4835BBC233DB1CE0059FDAD /* League.swift */; };
		B48C62302357E41E002B7C82 /* Membership.swift in Sources */ = {isa = PBXBuildFile; fileRef = B48C622F2357E41E002B7C82 /* Membership.swift */; };
		B4B2339D234C32CD00387E1C /* LeagueDetailViewController.swift in Sources */ = {isa = PBXBuildFile; fileRef = B4B2339C234C32CD00387E1C /* LeagueDetailViewController.swift */; };
		B4D6A34A233C64EF0015EF47 /* LeaguesTableViewController.swift in Sources */ = {isa = PBXBuildFile; fileRef = B4D6A349233C64EF0015EF47 /* LeaguesTableViewController.swift */; };
/* End PBXBuildFile section */

/* Begin PBXFileReference section */
		545CBF121ECF4A63AF5BD874 /* Pods-Poker Rank Swift.release.xcconfig */ = {isa = PBXFileReference; includeInIndex = 1; lastKnownFileType = text.xcconfig; name = "Pods-Poker Rank Swift.release.xcconfig"; path = "Target Support Files/Pods-Poker Rank Swift/Pods-Poker Rank Swift.release.xcconfig"; sourceTree = "<group>"; };
		9A674520DA5DFBCDD9D389AA /* Pods-Poker Rank Swift.debug.xcconfig */ = {isa = PBXFileReference; includeInIndex = 1; lastKnownFileType = text.xcconfig; name = "Pods-Poker Rank Swift.debug.xcconfig"; path = "Target Support Files/Pods-Poker Rank Swift/Pods-Poker Rank Swift.debug.xcconfig"; sourceTree = "<group>"; };
		B41CC82F234ED59500786C3B /* User.swift */ = {isa = PBXFileReference; lastKnownFileType = sourcecode.swift; path = User.swift; sourceTree = "<group>"; };
		B41CC8312350385F00786C3B /* Season.swift */ = {isa = PBXFileReference; lastKnownFileType = sourcecode.swift; path = Season.swift; sourceTree = "<group>"; };
		B41CD82123537A0A004E17D9 /* Notification.Name.swift */ = {isa = PBXFileReference; lastKnownFileType = sourcecode.swift; path = Notification.Name.swift; sourceTree = "<group>"; };
		B421F11223418BA4002C7F82 /* UserProfileTableViewController.swift */ = {isa = PBXFileReference; lastKnownFileType = sourcecode.swift; path = UserProfileTableViewController.swift; sourceTree = "<group>"; };
		B434545923459169006BDE26 /* NewLeagueViewController.swift */ = {isa = PBXFileReference; lastKnownFileType = sourcecode.swift; path = NewLeagueViewController.swift; sourceTree = "<group>"; };
		B434545B2349089C006BDE26 /* Leagues.swift */ = {isa = PBXFileReference; lastKnownFileType = sourcecode.swift; path = Leagues.swift; sourceTree = "<group>"; };
		B43D4152233E7E450055FA2B /* LoginViewController.swift */ = {isa = PBXFileReference; lastKnownFileType = sourcecode.swift; path = LoginViewController.swift; sourceTree = "<group>"; };
		B43D4154233E90BE0055FA2B /* SignUpViewController.swift */ = {isa = PBXFileReference; lastKnownFileType = sourcecode.swift; path = SignUpViewController.swift; sourceTree = "<group>"; };
		B44565B0233C619F00B529B0 /* Poker Rank Swift.app */ = {isa = PBXFileReference; explicitFileType = wrapper.application; includeInIndex = 0; path = "Poker Rank Swift.app"; sourceTree = BUILT_PRODUCTS_DIR; };
		B44565B3233C619F00B529B0 /* AppDelegate.swift */ = {isa = PBXFileReference; lastKnownFileType = sourcecode.swift; path = AppDelegate.swift; sourceTree = "<group>"; };
		B44565B5233C619F00B529B0 /* SceneDelegate.swift */ = {isa = PBXFileReference; lastKnownFileType = sourcecode.swift; path = SceneDelegate.swift; sourceTree = "<group>"; };
		B44565BA233C619F00B529B0 /* Base */ = {isa = PBXFileReference; lastKnownFileType = file.storyboard; name = Base; path = Base.lproj/Main.storyboard; sourceTree = "<group>"; };
		B44565BC233C61A000B529B0 /* Assets.xcassets */ = {isa = PBXFileReference; lastKnownFileType = folder.assetcatalog; path = Assets.xcassets; sourceTree = "<group>"; };
		B44565BF233C61A000B529B0 /* Base */ = {isa = PBXFileReference; lastKnownFileType = file.storyboard; name = Base; path = Base.lproj/LaunchScreen.storyboard; sourceTree = "<group>"; };
		B44565C1233C61A000B529B0 /* Info.plist */ = {isa = PBXFileReference; lastKnownFileType = text.plist.xml; path = Info.plist; sourceTree = "<group>"; };
		B44565C7233C61E800B529B0 /* GoogleService-Info.plist */ = {isa = PBXFileReference; fileEncoding = 4; lastKnownFileType = text.plist.xml; path = "GoogleService-Info.plist"; sourceTree = "<group>"; };
		B452BD1E233FC0A200868FD3 /* PublicLeaguesTableViewController.swift */ = {isa = PBXFileReference; indentWidth = 2; lastKnownFileType = sourcecode.swift; path = PublicLeaguesTableViewController.swift; sourceTree = "<group>"; tabWidth = 2; };
		B452BD20233FC0F100868FD3 /* MyLeaguesTableViewController.swift */ = {isa = PBXFileReference; lastKnownFileType = sourcecode.swift; path = MyLeaguesTableViewController.swift; sourceTree = "<group>"; };
		B452BD22233FC8E000868FD3 /* RootTabBarViewController.swift */ = {isa = PBXFileReference; lastKnownFileType = sourcecode.swift; path = RootTabBarViewController.swift; sourceTree = "<group>"; };
		B4835BBC233DB1CE0059FDAD /* League.swift */ = {isa = PBXFileReference; lastKnownFileType = sourcecode.swift; path = League.swift; sourceTree = "<group>"; };
		B48C622F2357E41E002B7C82 /* Membership.swift */ = {isa = PBXFileReference; lastKnownFileType = sourcecode.swift; name = Membership.swift; path = "Poker Rank Swift/Models/Membership.swift"; sourceTree = "<group>"; };
		B4B2339C234C32CD00387E1C /* LeagueDetailViewController.swift */ = {isa = PBXFileReference; lastKnownFileType = sourcecode.swift; name = LeagueDetailViewController.swift; path = "Poker Rank Swift/ViewControllers/LeagueDetailViewController.swift"; sourceTree = "<group>"; };
		B4D6A349233C64EF0015EF47 /* LeaguesTableViewController.swift */ = {isa = PBXFileReference; lastKnownFileType = sourcecode.swift; path = LeaguesTableViewController.swift; sourceTree = "<group>"; };
		ED7E2D28959CC769CBB886FE /* Pods_Poker_Rank_Swift.framework */ = {isa = PBXFileReference; explicitFileType = wrapper.framework; includeInIndex = 0; path = Pods_Poker_Rank_Swift.framework; sourceTree = BUILT_PRODUCTS_DIR; };
/* End PBXFileReference section */

/* Begin PBXFrameworksBuildPhase section */
		B44565AD233C619F00B529B0 /* Frameworks */ = {
			isa = PBXFrameworksBuildPhase;
			buildActionMask = 2147483647;
			files = (
				59771C2987219A43FAD4F080 /* Pods_Poker_Rank_Swift.framework in Frameworks */,
			);
			runOnlyForDeploymentPostprocessing = 0;
		};
/* End PBXFrameworksBuildPhase section */

/* Begin PBXGroup section */
		533F709BB1D63E29AA966E7B /* Frameworks */ = {
			isa = PBXGroup;
			children = (
				ED7E2D28959CC769CBB886FE /* Pods_Poker_Rank_Swift.framework */,
			);
			name = Frameworks;
			sourceTree = "<group>";
		};
		B44565A7233C619F00B529B0 = {
			isa = PBXGroup;
			children = (
				B48C622F2357E41E002B7C82 /* Membership.swift */,
				B4B2339C234C32CD00387E1C /* LeagueDetailViewController.swift */,
				B44565B2233C619F00B529B0 /* Poker Rank Swift */,
				B44565B1233C619F00B529B0 /* Products */,
				C28DDEEC487938FA60D24ED4 /* Pods */,
				533F709BB1D63E29AA966E7B /* Frameworks */,
			);
			sourceTree = "<group>";
		};
		B44565B1233C619F00B529B0 /* Products */ = {
			isa = PBXGroup;
			children = (
				B44565B0233C619F00B529B0 /* Poker Rank Swift.app */,
			);
			name = Products;
			sourceTree = "<group>";
		};
		B44565B2233C619F00B529B0 /* Poker Rank Swift */ = {
			isa = PBXGroup;
			children = (
				B4835BBB233DB1BE0059FDAD /* Models */,
				B4D6A348233C64BE0015EF47 /* ViewControllers */,
				B44565B3233C619F00B529B0 /* AppDelegate.swift */,
				B44565B5233C619F00B529B0 /* SceneDelegate.swift */,
				B44565B9233C619F00B529B0 /* Main.storyboard */,
				B44565BC233C61A000B529B0 /* Assets.xcassets */,
				B44565BE233C61A000B529B0 /* LaunchScreen.storyboard */,
				B44565C1233C61A000B529B0 /* Info.plist */,
				B44565C7233C61E800B529B0 /* GoogleService-Info.plist */,
			);
			path = "Poker Rank Swift";
			sourceTree = "<group>";
		};
		B4835BBB233DB1BE0059FDAD /* Models */ = {
			isa = PBXGroup;
			children = (
				B4835BBC233DB1CE0059FDAD /* League.swift */,
				B41CC82F234ED59500786C3B /* User.swift */,
				B434545B2349089C006BDE26 /* Leagues.swift */,
				B41CC8312350385F00786C3B /* Season.swift */,
				B41CD82123537A0A004E17D9 /* Notification.Name.swift */,
			);
			indentWidth = 2;
			path = Models;
			sourceTree = "<group>";
			tabWidth = 2;
		};
		B4D6A348233C64BE0015EF47 /* ViewControllers */ = {
			isa = PBXGroup;
			children = (
				B4D6A349233C64EF0015EF47 /* LeaguesTableViewController.swift */,
				B43D4152233E7E450055FA2B /* LoginViewController.swift */,
				B43D4154233E90BE0055FA2B /* SignUpViewController.swift */,
				B452BD1E233FC0A200868FD3 /* PublicLeaguesTableViewController.swift */,
				B452BD20233FC0F100868FD3 /* MyLeaguesTableViewController.swift */,
				B452BD22233FC8E000868FD3 /* RootTabBarViewController.swift */,
				B421F11223418BA4002C7F82 /* UserProfileTableViewController.swift */,
				B434545923459169006BDE26 /* NewLeagueViewController.swift */,
			);
			indentWidth = 2;
			path = ViewControllers;
			sourceTree = "<group>";
			tabWidth = 2;
			usesTabs = 0;
		};
		C28DDEEC487938FA60D24ED4 /* Pods */ = {
			isa = PBXGroup;
			children = (
				9A674520DA5DFBCDD9D389AA /* Pods-Poker Rank Swift.debug.xcconfig */,
				545CBF121ECF4A63AF5BD874 /* Pods-Poker Rank Swift.release.xcconfig */,
			);
			path = Pods;
			sourceTree = "<group>";
		};
/* End PBXGroup section */

/* Begin PBXNativeTarget section */
		B44565AF233C619F00B529B0 /* Poker Rank Swift */ = {
			isa = PBXNativeTarget;
			buildConfigurationList = B44565C4233C61A000B529B0 /* Build configuration list for PBXNativeTarget "Poker Rank Swift" */;
			buildPhases = (
				FC0ABDC005BE7B2C95CC185A /* [CP] Check Pods Manifest.lock */,
				B44565AC233C619F00B529B0 /* Sources */,
				B44565AD233C619F00B529B0 /* Frameworks */,
				B44565AE233C619F00B529B0 /* Resources */,
				3812DC1EA23EBF5D018E3887 /* [CP] Embed Pods Frameworks */,
			);
			buildRules = (
			);
			dependencies = (
			);
			name = "Poker Rank Swift";
			productName = "Poker Rank Swift";
			productReference = B44565B0233C619F00B529B0 /* Poker Rank Swift.app */;
			productType = "com.apple.product-type.application";
		};
/* End PBXNativeTarget section */

/* Begin PBXProject section */
		B44565A8233C619F00B529B0 /* Project object */ = {
			isa = PBXProject;
			attributes = {
				LastSwiftUpdateCheck = 1100;
				LastUpgradeCheck = 1100;
				ORGANIZATIONNAME = "Mark Miranda";
				TargetAttributes = {
					B44565AF233C619F00B529B0 = {
						CreatedOnToolsVersion = 11.0;
					};
				};
			};
			buildConfigurationList = B44565AB233C619F00B529B0 /* Build configuration list for PBXProject "Poker Rank Swift" */;
			compatibilityVersion = "Xcode 9.3";
			developmentRegion = en;
			hasScannedForEncodings = 0;
			knownRegions = (
				en,
				Base,
			);
			mainGroup = B44565A7233C619F00B529B0;
			productRefGroup = B44565B1233C619F00B529B0 /* Products */;
			projectDirPath = "";
			projectRoot = "";
			targets = (
				B44565AF233C619F00B529B0 /* Poker Rank Swift */,
			);
		};
/* End PBXProject section */

/* Begin PBXResourcesBuildPhase section */
		B44565AE233C619F00B529B0 /* Resources */ = {
			isa = PBXResourcesBuildPhase;
			buildActionMask = 2147483647;
			files = (
				B44565C0233C61A000B529B0 /* LaunchScreen.storyboard in Resources */,
				B44565C8233C61E800B529B0 /* GoogleService-Info.plist in Resources */,
				B44565BD233C61A000B529B0 /* Assets.xcassets in Resources */,
				B44565BB233C619F00B529B0 /* Main.storyboard in Resources */,
			);
			runOnlyForDeploymentPostprocessing = 0;
		};
/* End PBXResourcesBuildPhase section */

/* Begin PBXShellScriptBuildPhase section */
		3812DC1EA23EBF5D018E3887 /* [CP] Embed Pods Frameworks */ = {
			isa = PBXShellScriptBuildPhase;
			buildActionMask = 2147483647;
			files = (
			);
			inputFileListPaths = (
				"${PODS_ROOT}/Target Support Files/Pods-Poker Rank Swift/Pods-Poker Rank Swift-frameworks-${CONFIGURATION}-input-files.xcfilelist",
			);
			name = "[CP] Embed Pods Frameworks";
			outputFileListPaths = (
				"${PODS_ROOT}/Target Support Files/Pods-Poker Rank Swift/Pods-Poker Rank Swift-frameworks-${CONFIGURATION}-output-files.xcfilelist",
			);
			runOnlyForDeploymentPostprocessing = 0;
			shellPath = /bin/sh;
			shellScript = "\"${PODS_ROOT}/Target Support Files/Pods-Poker Rank Swift/Pods-Poker Rank Swift-frameworks.sh\"\n";
			showEnvVarsInLog = 0;
		};
		FC0ABDC005BE7B2C95CC185A /* [CP] Check Pods Manifest.lock */ = {
			isa = PBXShellScriptBuildPhase;
			buildActionMask = 2147483647;
			files = (
			);
			inputFileListPaths = (
			);
			inputPaths = (
				"${PODS_PODFILE_DIR_PATH}/Podfile.lock",
				"${PODS_ROOT}/Manifest.lock",
			);
			name = "[CP] Check Pods Manifest.lock";
			outputFileListPaths = (
			);
			outputPaths = (
				"$(DERIVED_FILE_DIR)/Pods-Poker Rank Swift-checkManifestLockResult.txt",
			);
			runOnlyForDeploymentPostprocessing = 0;
			shellPath = /bin/sh;
			shellScript = "diff \"${PODS_PODFILE_DIR_PATH}/Podfile.lock\" \"${PODS_ROOT}/Manifest.lock\" > /dev/null\nif [ $? != 0 ] ; then\n    # print error to STDERR\n    echo \"error: The sandbox is not in sync with the Podfile.lock. Run 'pod install' or update your CocoaPods installation.\" >&2\n    exit 1\nfi\n# This output is used by Xcode 'outputs' to avoid re-running this script phase.\necho \"SUCCESS\" > \"${SCRIPT_OUTPUT_FILE_0}\"\n";
			showEnvVarsInLog = 0;
		};
/* End PBXShellScriptBuildPhase section */

/* Begin PBXSourcesBuildPhase section */
		B44565AC233C619F00B529B0 /* Sources */ = {
			isa = PBXSourcesBuildPhase;
			buildActionMask = 2147483647;
			files = (
				B452BD21233FC0F100868FD3 /* MyLeaguesTableViewController.swift in Sources */,
				B43D4155233E90BE0055FA2B /* SignUpViewController.swift in Sources */,
				B4D6A34A233C64EF0015EF47 /* LeaguesTableViewController.swift in Sources */,
				B44565B4233C619F00B529B0 /* AppDelegate.swift in Sources */,
				B452BD1F233FC0A200868FD3 /* PublicLeaguesTableViewController.swift in Sources */,
				B4B2339D234C32CD00387E1C /* LeagueDetailViewController.swift in Sources */,
				B41CC830234ED59500786C3B /* User.swift in Sources */,
				B48C62302357E41E002B7C82 /* Membership.swift in Sources */,
				B41CC8322350385F00786C3B /* Season.swift in Sources */,
				B41CD82223537A0A004E17D9 /* Notification.Name.swift in Sources */,
				B4835BBD233DB1CE0059FDAD /* League.swift in Sources */,
				B434545C2349089C006BDE26 /* Leagues.swift in Sources */,
				B434545A23459169006BDE26 /* NewLeagueViewController.swift in Sources */,
				B43D4153233E7E450055FA2B /* LoginViewController.swift in Sources */,
				B452BD23233FC8E000868FD3 /* RootTabBarViewController.swift in Sources */,
				B421F11323418BA4002C7F82 /* UserProfileTableViewController.swift in Sources */,
				B44565B6233C619F00B529B0 /* SceneDelegate.swift in Sources */,
			);
			runOnlyForDeploymentPostprocessing = 0;
		};
/* End PBXSourcesBuildPhase section */

/* Begin PBXVariantGroup section */
		B44565B9233C619F00B529B0 /* Main.storyboard */ = {
			isa = PBXVariantGroup;
			children = (
				B44565BA233C619F00B529B0 /* Base */,
			);
			name = Main.storyboard;
			sourceTree = "<group>";
		};
		B44565BE233C61A000B529B0 /* LaunchScreen.storyboard */ = {
			isa = PBXVariantGroup;
			children = (
				B44565BF233C61A000B529B0 /* Base */,
			);
			name = LaunchScreen.storyboard;
			sourceTree = "<group>";
		};
/* End PBXVariantGroup section */

/* Begin XCBuildConfiguration section */
		B44565C2233C61A000B529B0 /* Debug */ = {
			isa = XCBuildConfiguration;
			buildSettings = {
				ALWAYS_SEARCH_USER_PATHS = NO;
				CLANG_ANALYZER_NONNULL = YES;
				CLANG_ANALYZER_NUMBER_OBJECT_CONVERSION = YES_AGGRESSIVE;
				CLANG_CXX_LANGUAGE_STANDARD = "gnu++14";
				CLANG_CXX_LIBRARY = "libc++";
				CLANG_ENABLE_MODULES = YES;
				CLANG_ENABLE_OBJC_ARC = YES;
				CLANG_ENABLE_OBJC_WEAK = YES;
				CLANG_WARN_BLOCK_CAPTURE_AUTORELEASING = YES;
				CLANG_WARN_BOOL_CONVERSION = YES;
				CLANG_WARN_COMMA = YES;
				CLANG_WARN_CONSTANT_CONVERSION = YES;
				CLANG_WARN_DEPRECATED_OBJC_IMPLEMENTATIONS = YES;
				CLANG_WARN_DIRECT_OBJC_ISA_USAGE = YES_ERROR;
				CLANG_WARN_DOCUMENTATION_COMMENTS = YES;
				CLANG_WARN_EMPTY_BODY = YES;
				CLANG_WARN_ENUM_CONVERSION = YES;
				CLANG_WARN_INFINITE_RECURSION = YES;
				CLANG_WARN_INT_CONVERSION = YES;
				CLANG_WARN_NON_LITERAL_NULL_CONVERSION = YES;
				CLANG_WARN_OBJC_IMPLICIT_RETAIN_SELF = YES;
				CLANG_WARN_OBJC_LITERAL_CONVERSION = YES;
				CLANG_WARN_OBJC_ROOT_CLASS = YES_ERROR;
				CLANG_WARN_RANGE_LOOP_ANALYSIS = YES;
				CLANG_WARN_STRICT_PROTOTYPES = YES;
				CLANG_WARN_SUSPICIOUS_MOVE = YES;
				CLANG_WARN_UNGUARDED_AVAILABILITY = YES_AGGRESSIVE;
				CLANG_WARN_UNREACHABLE_CODE = YES;
				CLANG_WARN__DUPLICATE_METHOD_MATCH = YES;
				COPY_PHASE_STRIP = NO;
				DEBUG_INFORMATION_FORMAT = dwarf;
				ENABLE_STRICT_OBJC_MSGSEND = YES;
				ENABLE_TESTABILITY = YES;
				GCC_C_LANGUAGE_STANDARD = gnu11;
				GCC_DYNAMIC_NO_PIC = NO;
				GCC_NO_COMMON_BLOCKS = YES;
				GCC_OPTIMIZATION_LEVEL = 0;
				GCC_PREPROCESSOR_DEFINITIONS = (
					"DEBUG=1",
					"$(inherited)",
				);
				GCC_WARN_64_TO_32_BIT_CONVERSION = YES;
				GCC_WARN_ABOUT_RETURN_TYPE = YES_ERROR;
				GCC_WARN_UNDECLARED_SELECTOR = YES;
				GCC_WARN_UNINITIALIZED_AUTOS = YES_AGGRESSIVE;
				GCC_WARN_UNUSED_FUNCTION = YES;
				GCC_WARN_UNUSED_VARIABLE = YES;
				IPHONEOS_DEPLOYMENT_TARGET = 13.0;
				MTL_ENABLE_DEBUG_INFO = INCLUDE_SOURCE;
				MTL_FAST_MATH = YES;
				ONLY_ACTIVE_ARCH = YES;
				SDKROOT = iphoneos;
				SWIFT_ACTIVE_COMPILATION_CONDITIONS = DEBUG;
				SWIFT_OPTIMIZATION_LEVEL = "-Onone";
			};
			name = Debug;
		};
		B44565C3233C61A000B529B0 /* Release */ = {
			isa = XCBuildConfiguration;
			buildSettings = {
				ALWAYS_SEARCH_USER_PATHS = NO;
				CLANG_ANALYZER_NONNULL = YES;
				CLANG_ANALYZER_NUMBER_OBJECT_CONVERSION = YES_AGGRESSIVE;
				CLANG_CXX_LANGUAGE_STANDARD = "gnu++14";
				CLANG_CXX_LIBRARY = "libc++";
				CLANG_ENABLE_MODULES = YES;
				CLANG_ENABLE_OBJC_ARC = YES;
				CLANG_ENABLE_OBJC_WEAK = YES;
				CLANG_WARN_BLOCK_CAPTURE_AUTORELEASING = YES;
				CLANG_WARN_BOOL_CONVERSION = YES;
				CLANG_WARN_COMMA = YES;
				CLANG_WARN_CONSTANT_CONVERSION = YES;
				CLANG_WARN_DEPRECATED_OBJC_IMPLEMENTATIONS = YES;
				CLANG_WARN_DIRECT_OBJC_ISA_USAGE = YES_ERROR;
				CLANG_WARN_DOCUMENTATION_COMMENTS = YES;
				CLANG_WARN_EMPTY_BODY = YES;
				CLANG_WARN_ENUM_CONVERSION = YES;
				CLANG_WARN_INFINITE_RECURSION = YES;
				CLANG_WARN_INT_CONVERSION = YES;
				CLANG_WARN_NON_LITERAL_NULL_CONVERSION = YES;
				CLANG_WARN_OBJC_IMPLICIT_RETAIN_SELF = YES;
				CLANG_WARN_OBJC_LITERAL_CONVERSION = YES;
				CLANG_WARN_OBJC_ROOT_CLASS = YES_ERROR;
				CLANG_WARN_RANGE_LOOP_ANALYSIS = YES;
				CLANG_WARN_STRICT_PROTOTYPES = YES;
				CLANG_WARN_SUSPICIOUS_MOVE = YES;
				CLANG_WARN_UNGUARDED_AVAILABILITY = YES_AGGRESSIVE;
				CLANG_WARN_UNREACHABLE_CODE = YES;
				CLANG_WARN__DUPLICATE_METHOD_MATCH = YES;
				COPY_PHASE_STRIP = NO;
				DEBUG_INFORMATION_FORMAT = "dwarf-with-dsym";
				ENABLE_NS_ASSERTIONS = NO;
				ENABLE_STRICT_OBJC_MSGSEND = YES;
				GCC_C_LANGUAGE_STANDARD = gnu11;
				GCC_NO_COMMON_BLOCKS = YES;
				GCC_WARN_64_TO_32_BIT_CONVERSION = YES;
				GCC_WARN_ABOUT_RETURN_TYPE = YES_ERROR;
				GCC_WARN_UNDECLARED_SELECTOR = YES;
				GCC_WARN_UNINITIALIZED_AUTOS = YES_AGGRESSIVE;
				GCC_WARN_UNUSED_FUNCTION = YES;
				GCC_WARN_UNUSED_VARIABLE = YES;
				IPHONEOS_DEPLOYMENT_TARGET = 13.0;
				MTL_ENABLE_DEBUG_INFO = NO;
				MTL_FAST_MATH = YES;
				SDKROOT = iphoneos;
				SWIFT_COMPILATION_MODE = wholemodule;
				SWIFT_OPTIMIZATION_LEVEL = "-O";
				VALIDATE_PRODUCT = YES;
			};
			name = Release;
		};
		B44565C5233C61A000B529B0 /* Debug */ = {
			isa = XCBuildConfiguration;
			baseConfigurationReference = 9A674520DA5DFBCDD9D389AA /* Pods-Poker Rank Swift.debug.xcconfig */;
			buildSettings = {
				ASSETCATALOG_COMPILER_APPICON_NAME = AppIcon;
				CODE_SIGN_STYLE = Automatic;
				DEVELOPMENT_TEAM = 4XQSAD3UT9;
				INFOPLIST_FILE = "Poker Rank Swift/Info.plist";
				LD_RUNPATH_SEARCH_PATHS = (
					"$(inherited)",
					"@executable_path/Frameworks",
				);
				PRODUCT_BUNDLE_IDENTIFIER = "ninja.markmiranda.Poker-Rank-Swift";
				PRODUCT_NAME = "$(TARGET_NAME)";
				SWIFT_VERSION = 5.0;
				TARGETED_DEVICE_FAMILY = "1,2";
			};
			name = Debug;
		};
		B44565C6233C61A000B529B0 /* Release */ = {
			isa = XCBuildConfiguration;
			baseConfigurationReference = 545CBF121ECF4A63AF5BD874 /* Pods-Poker Rank Swift.release.xcconfig */;
			buildSettings = {
				ASSETCATALOG_COMPILER_APPICON_NAME = AppIcon;
				CODE_SIGN_STYLE = Automatic;
				DEVELOPMENT_TEAM = 4XQSAD3UT9;
				INFOPLIST_FILE = "Poker Rank Swift/Info.plist";
				LD_RUNPATH_SEARCH_PATHS = (
					"$(inherited)",
					"@executable_path/Frameworks",
				);
				PRODUCT_BUNDLE_IDENTIFIER = "ninja.markmiranda.Poker-Rank-Swift";
				PRODUCT_NAME = "$(TARGET_NAME)";
				SWIFT_VERSION = 5.0;
				TARGETED_DEVICE_FAMILY = "1,2";
			};
			name = Release;
		};
/* End XCBuildConfiguration section */

/* Begin XCConfigurationList section */
		B44565AB233C619F00B529B0 /* Build configuration list for PBXProject "Poker Rank Swift" */ = {
			isa = XCConfigurationList;
			buildConfigurations = (
				B44565C2233C61A000B529B0 /* Debug */,
				B44565C3233C61A000B529B0 /* Release */,
			);
			defaultConfigurationIsVisible = 0;
			defaultConfigurationName = Release;
		};
		B44565C4233C61A000B529B0 /* Build configuration list for PBXNativeTarget "Poker Rank Swift" */ = {
			isa = XCConfigurationList;
			buildConfigurations = (
				B44565C5233C61A000B529B0 /* Debug */,
				B44565C6233C61A000B529B0 /* Release */,
			);
			defaultConfigurationIsVisible = 0;
			defaultConfigurationName = Release;
		};
/* End XCConfigurationList section */
	};
	rootObject = B44565A8233C619F00B529B0 /* Project object */;
}
